
Microsoft Visual Studio Solution File, Format Version 12.00
# Visual Studio Version 17
VisualStudioVersion = 17.9.34714.143
MinimumVisualStudioVersion = 10.0.40219.1
Project("{FAE04EC0-301F-11D3-BF4B-00C04F79EFBC}") = "StudentApi", "StudentApi.csproj", "{D79DAD3F-E43F-4D85-B6EB-67713E39A7FC}"
EndProject
Project("{FAE04EC0-301F-11D3-BF4B-00C04F79EFBC}") = "StudentBussinessLayer", "..\StudentBussinessLayer\StudentBussinessLayer.csproj", "{B2CF77A2-9221-487E-938B-48C82BABDFA3}"
EndProject
Project("{FAE04EC0-301F-11D3-BF4B-00C04F79EFBC}") = "StudentDataAccessLayer", "..\StudentDataAccessLayer\StudentDataAccessLayer.csproj", "{19B975E0-3488-46AD-BB64-CDC50E97D7F9}"
EndProject
Global
	GlobalSection(SolutionConfigurationPlatforms) = preSolution
		Debug|Any CPU = Debug|Any CPU
		Release|Any CPU = Release|Any CPU
	EndGlobalSection
	GlobalSection(ProjectConfigurationPlatforms) = postSolution
		{D79DAD3F-E43F-4D85-B6EB-67713E39A7FC}.Debug|Any CPU.ActiveCfg = Debug|Any CPU
		{D79DAD3F-E43F-4D85-B6EB-67713E39A7FC}.Debug|Any CPU.Build.0 = Debug|Any CPU
		{D79DAD3F-E43F-4D85-B6EB-67713E39A7FC}.Release|Any CPU.ActiveCfg = Release|Any CPU
		{D79DAD3F-E43F-4D85-B6EB-67713E39A7FC}.Release|Any CPU.Build.0 = Release|Any CPU
		{B2CF77A2-9221-487E-938B-48C82BABDFA3}.Debug|Any CPU.ActiveCfg = Debug|Any CPU
		{B2CF77A2-9221-487E-938B-48C82BABDFA3}.Debug|Any CPU.Build.0 = Debug|Any CPU
		{B2CF77A2-9221-487E-938B-48C82BABDFA3}.Release|Any CPU.ActiveCfg = Release|Any CPU
		{B2CF77A2-9221-487E-938B-48C82BABDFA3}.Release|Any CPU.Build.0 = Release|Any CPU
		{19B975E0-3488-46AD-BB64-CDC50E97D7F9}.Debug|Any CPU.ActiveCfg = Debug|Any CPU
		{19B975E0-3488-46AD-BB64-CDC50E97D7F9}.Debug|Any CPU.Build.0 = Debug|Any CPU
		{19B975E0-3488-46AD-BB64-CDC50E97D7F9}.Release|Any CPU.ActiveCfg = Release|Any CPU
		{19B975E0-3488-46AD-BB64-CDC50E97D7F9}.Release|Any CPU.Build.0 = Release|Any CPU
	EndGlobalSection
	GlobalSection(SolutionProperties) = preSolution
		HideSolutionNode = FALSE
	EndGlobalSection
	GlobalSection(ExtensibilityGlobals) = postSolution
		SolutionGuid = {496D07F6-AF06-4B47-B263-C2E194C5E25D}
	EndGlobalSection
EndGlobal
