
Microsoft Visual Studio Solution File, Format Version 12.00
# Visual Studio Version 17
VisualStudioVersion = 17.9.34714.143
MinimumVisualStudioVersion = 10.0.40219.1
Project("{FAE04EC0-301F-11D3-BF4B-00C04F79EFBC}") = "StudentApi", "StudentApi.csproj", "{2403787E-3BC0-46FF-B20C-52BB88779186}"
EndProject
Project("{FAE04EC0-301F-11D3-BF4B-00C04F79EFBC}") = "StudentDataAccessLayer", "..\StudentDataAccess\StudentDataAccessLayer.csproj", "{E1E6B020-EF57-4C15-93E6-4C13089824FB}"
EndProject
Project("{FAE04EC0-301F-11D3-BF4B-00C04F79EFBC}") = "StudentBussinnesLayer", "..\StudentBussinnes\StudentBussinnesLayer.csproj", "{C872DD22-8257-4875-BE26-1916D44A96B7}"
EndProject
Global
	GlobalSection(SolutionConfigurationPlatforms) = preSolution
		Debug|Any CPU = Debug|Any CPU
		Release|Any CPU = Release|Any CPU
	EndGlobalSection
	GlobalSection(ProjectConfigurationPlatforms) = postSolution
		{2403787E-3BC0-46FF-B20C-52BB88779186}.Debug|Any CPU.ActiveCfg = Debug|Any CPU
		{2403787E-3BC0-46FF-B20C-52BB88779186}.Debug|Any CPU.Build.0 = Debug|Any CPU
		{2403787E-3BC0-46FF-B20C-52BB88779186}.Release|Any CPU.ActiveCfg = Release|Any CPU
		{2403787E-3BC0-46FF-B20C-52BB88779186}.Release|Any CPU.Build.0 = Release|Any CPU
		{E1E6B020-EF57-4C15-93E6-4C13089824FB}.Debug|Any CPU.ActiveCfg = Debug|Any CPU
		{E1E6B020-EF57-4C15-93E6-4C13089824FB}.Debug|Any CPU.Build.0 = Debug|Any CPU
		{E1E6B020-EF57-4C15-93E6-4C13089824FB}.Release|Any CPU.ActiveCfg = Release|Any CPU
		{E1E6B020-EF57-4C15-93E6-4C13089824FB}.Release|Any CPU.Build.0 = Release|Any CPU
		{C872DD22-8257-4875-BE26-1916D44A96B7}.Debug|Any CPU.ActiveCfg = Debug|Any CPU
		{C872DD22-8257-4875-BE26-1916D44A96B7}.Debug|Any CPU.Build.0 = Debug|Any CPU
		{C872DD22-8257-4875-BE26-1916D44A96B7}.Release|Any CPU.ActiveCfg = Release|Any CPU
		{C872DD22-8257-4875-BE26-1916D44A96B7}.Release|Any CPU.Build.0 = Release|Any CPU
	EndGlobalSection
	GlobalSection(SolutionProperties) = preSolution
		HideSolutionNode = FALSE
	EndGlobalSection
	GlobalSection(ExtensibilityGlobals) = postSolution
		SolutionGuid = {C76819AE-F68E-4D6E-9329-9617218101C9}
	EndGlobalSection
EndGlobal
